// !$*UTF8*$!
{
	archiveVersion = 1;
	classes = {
	};
	objectVersion = 50;
	objects = {

/* Begin PBXBuildFile section */
		059CCB7821DFFDFA005C201E /* AppDelegate.swift in Sources */ = {isa = PBXBuildFile; fileRef = 059CCB7721DFFDFA005C201E /* AppDelegate.swift */; };
		059CCB7A21DFFDFA005C201E /* ViewController.swift in Sources */ = {isa = PBXBuildFile; fileRef = 059CCB7921DFFDFA005C201E /* ViewController.swift */; };
		059CCB7C21DFFDFB005C201E /* Assets.xcassets in Resources */ = {isa = PBXBuildFile; fileRef = 059CCB7B21DFFDFB005C201E /* Assets.xcassets */; };
		059CCB7F21DFFDFB005C201E /* Main.storyboard in Resources */ = {isa = PBXBuildFile; fileRef = 059CCB7D21DFFDFB005C201E /* Main.storyboard */; };
/* End PBXBuildFile section */

/* Begin PBXFileReference section */
		059CCB7421DFFDFA005C201E /* Maccemu64.app */ = {isa = PBXFileReference; explicitFileType = wrapper.application; includeInIndex = 0; path = Maccemu64.app; sourceTree = BUILT_PRODUCTS_DIR; };
		059CCB7721DFFDFA005C201E /* AppDelegate.swift */ = {isa = PBXFileReference; lastKnownFileType = sourcecode.swift; path = AppDelegate.swift; sourceTree = "<group>"; };
		059CCB7921DFFDFA005C201E /* ViewController.swift */ = {isa = PBXFileReference; lastKnownFileType = sourcecode.swift; path = ViewController.swift; sourceTree = "<group>"; };
		059CCB7B21DFFDFB005C201E /* Assets.xcassets */ = {isa = PBXFileReference; lastKnownFileType = folder.assetcatalog; path = Assets.xcassets; sourceTree = "<group>"; };
		059CCB7E21DFFDFB005C201E /* Base */ = {isa = PBXFileReference; lastKnownFileType = file.storyboard; name = Base; path = Base.lproj/Main.storyboard; sourceTree = "<group>"; };
		059CCB8021DFFDFB005C201E /* Info.plist */ = {isa = PBXFileReference; lastKnownFileType = text.plist.xml; path = Info.plist; sourceTree = "<group>"; };
		059CCB8121DFFDFB005C201E /* Maccemu64.entitlements */ = {isa = PBXFileReference; lastKnownFileType = text.plist.entitlements; path = Maccemu64.entitlements; sourceTree = "<group>"; };
/* End PBXFileReference section */

/* Begin PBXFrameworksBuildPhase section */
		059CCB7121DFFDFA005C201E /* Frameworks */ = {
			isa = PBXFrameworksBuildPhase;
			buildActionMask = 2147483647;
			files = (
			);
			runOnlyForDeploymentPostprocessing = 0;
		};
/* End PBXFrameworksBuildPhase section */

/* Begin PBXGroup section */
		059CCB6B21DFFDFA005C201E = {
			isa = PBXGroup;
			children = (
				059CCB7621DFFDFA005C201E /* Maccemu64 */,
				059CCB7521DFFDFA005C201E /* Products */,
			);
			sourceTree = "<group>";
		};
		059CCB7521DFFDFA005C201E /* Products */ = {
			isa = PBXGroup;
			children = (
				059CCB7421DFFDFA005C201E /* Maccemu64.app */,
			);
			name = Products;
			sourceTree = "<group>";
		};
		059CCB7621DFFDFA005C201E /* Maccemu64 */ = {
			isa = PBXGroup;
			children = (
				059CCB7721DFFDFA005C201E /* AppDelegate.swift */,
				059CCB7921DFFDFA005C201E /* ViewController.swift */,
				059CCB7B21DFFDFB005C201E /* Assets.xcassets */,
				059CCB7D21DFFDFB005C201E /* Main.storyboard */,
				059CCB8821DFFE8E005C201E /* Supporting Files */,
				059CCB8121DFFDFB005C201E /* Maccemu64.entitlements */,
			);
			path = Maccemu64;
			sourceTree = "<group>";
		};
		059CCB8821DFFE8E005C201E /* Supporting Files */ = {
			isa = PBXGroup;
			children = (
				059CCB8021DFFDFB005C201E /* Info.plist */,
			);
			path = "Supporting Files";
			sourceTree = "<group>";
		};
/* End PBXGroup section */

/* Begin PBXNativeTarget section */
		059CCB7321DFFDFA005C201E /* Maccemu64 */ = {
			isa = PBXNativeTarget;
			buildConfigurationList = 059CCB8421DFFDFB005C201E /* Build configuration list for PBXNativeTarget "Maccemu64" */;
			buildPhases = (
				059CCB7021DFFDFA005C201E /* Sources */,
				059CCB7121DFFDFA005C201E /* Frameworks */,
				059CCB7221DFFDFA005C201E /* Resources */,
				059CCB8721DFFE58005C201E /* ShellScript */,
			);
			buildRules = (
			);
			dependencies = (
			);
			name = Maccemu64;
			productName = Maccemu64;
			productReference = 059CCB7421DFFDFA005C201E /* Maccemu64.app */;
			productType = "com.apple.product-type.application";
		};
/* End PBXNativeTarget section */

/* Begin PBXProject section */
		059CCB6C21DFFDFA005C201E /* Project object */ = {
			isa = PBXProject;
			attributes = {
				LastSwiftUpdateCheck = 1010;
				LastUpgradeCheck = 1010;
				ORGANIZATIONNAME = Macc;
				TargetAttributes = {
					059CCB7321DFFDFA005C201E = {
						CreatedOnToolsVersion = 10.1;
					};
				};
			};
			buildConfigurationList = 059CCB6F21DFFDFA005C201E /* Build configuration list for PBXProject "Maccemu64" */;
			compatibilityVersion = "Xcode 9.3";
			developmentRegion = en;
			hasScannedForEncodings = 0;
			knownRegions = (
				en,
				Base,
			);
			mainGroup = 059CCB6B21DFFDFA005C201E;
			productRefGroup = 059CCB7521DFFDFA005C201E /* Products */;
			projectDirPath = "";
			projectRoot = "";
			targets = (
				059CCB7321DFFDFA005C201E /* Maccemu64 */,
			);
		};
/* End PBXProject section */

/* Begin PBXResourcesBuildPhase section */
		059CCB7221DFFDFA005C201E /* Resources */ = {
			isa = PBXResourcesBuildPhase;
			buildActionMask = 2147483647;
			files = (
				059CCB7C21DFFDFB005C201E /* Assets.xcassets in Resources */,
				059CCB7F21DFFDFB005C201E /* Main.storyboard in Resources */,
			);
			runOnlyForDeploymentPostprocessing = 0;
		};
/* End PBXResourcesBuildPhase section */

/* Begin PBXShellScriptBuildPhase section */
		059CCB8721DFFE58005C201E /* ShellScript */ = {
			isa = PBXShellScriptBuildPhase;
			buildActionMask = 2147483647;
			files = (
			);
			inputFileListPaths = (
			);
			inputPaths = (
			);
			outputFileListPaths = (
			);
			outputPaths = (
			);
			runOnlyForDeploymentPostprocessing = 0;
			shellPath = /bin/sh;
			shellScript = "#/bin/sh\nbuildNumber=$(/usr/libexec/PlistBuddy -c \"Print CFBundleVersion\" \"/Users/macc/_Emulators/_macc_swift_test/Maccemu64/Maccemu64/Supporting Files/Info.plist\")\nbuildNumber=$(($buildNumber + 1))\n/usr/libexec/PlistBuddy -c \"Set :CFBundleVersion $buildNumber\" \"/Users/macc/_Emulators/_macc_swift_test/Maccemu64/Maccemu64/Supporting Files/Info.plist\"\n";
		};
/* End PBXShellScriptBuildPhase section */

/* Begin PBXSourcesBuildPhase section */
		059CCB7021DFFDFA005C201E /* Sources */ = {
			isa = PBXSourcesBuildPhase;
			buildActionMask = 2147483647;
			files = (
				059CCB7A21DFFDFA005C201E /* ViewController.swift in Sources */,
				059CCB7821DFFDFA005C201E /* AppDelegate.swift in Sources */,
			);
			runOnlyForDeploymentPostprocessing = 0;
		};
/* End PBXSourcesBuildPhase section */

/* Begin PBXVariantGroup section */
		059CCB7D21DFFDFB005C201E /* Main.storyboard */ = {
			isa = PBXVariantGroup;
			children = (
				059CCB7E21DFFDFB005C201E /* Base */,
			);
			name = Main.storyboard;
			sourceTree = "<group>";
		};
/* End PBXVariantGroup section */

/* Begin XCBuildConfiguration section */
		059CCB8221DFFDFB005C201E /* Debug */ = {
			isa = XCBuildConfiguration;
			buildSettings = {
				ALWAYS_SEARCH_USER_PATHS = NO;
				CLANG_ANALYZER_NONNULL = YES;
				CLANG_ANALYZER_NUMBER_OBJECT_CONVERSION = YES_AGGRESSIVE;
				CLANG_CXX_LANGUAGE_STANDARD = "gnu++14";
				CLANG_CXX_LIBRARY = "libc++";
				CLANG_ENABLE_MODULES = YES;
				CLANG_ENABLE_OBJC_ARC = YES;
				CLANG_ENABLE_OBJC_WEAK = YES;
				CLANG_WARN_BLOCK_CAPTURE_AUTORELEASING = YES;
				CLANG_WARN_BOOL_CONVERSION = YES;
				CLANG_WARN_COMMA = YES;
				CLANG_WARN_CONSTANT_CONVERSION = YES;
				CLANG_WARN_DEPRECATED_OBJC_IMPLEMENTATIONS = YES;
				CLANG_WARN_DIRECT_OBJC_ISA_USAGE = YES_ERROR;
				CLANG_WARN_DOCUMENTATION_COMMENTS = YES;
				CLANG_WARN_EMPTY_BODY = YES;
				CLANG_WARN_ENUM_CONVERSION = YES;
				CLANG_WARN_INFINITE_RECURSION = YES;
				CLANG_WARN_INT_CONVERSION = YES;
				CLANG_WARN_NON_LITERAL_NULL_CONVERSION = YES;
				CLANG_WARN_OBJC_IMPLICIT_RETAIN_SELF = YES;
				CLANG_WARN_OBJC_LITERAL_CONVERSION = YES;
				CLANG_WARN_OBJC_ROOT_CLASS = YES_ERROR;
				CLANG_WARN_RANGE_LOOP_ANALYSIS = YES;
				CLANG_WARN_STRICT_PROTOTYPES = YES;
				CLANG_WARN_SUSPICIOUS_MOVE = YES;
				CLANG_WARN_UNGUARDED_AVAILABILITY = YES_AGGRESSIVE;
				CLANG_WARN_UNREACHABLE_CODE = YES;
				CLANG_WARN__DUPLICATE_METHOD_MATCH = YES;
				CODE_SIGN_IDENTITY = "-";
				COPY_PHASE_STRIP = NO;
				DEBUG_INFORMATION_FORMAT = dwarf;
				ENABLE_STRICT_OBJC_MSGSEND = YES;
				ENABLE_TESTABILITY = YES;
				GCC_C_LANGUAGE_STANDARD = gnu11;
				GCC_DYNAMIC_NO_PIC = NO;
				GCC_NO_COMMON_BLOCKS = YES;
				GCC_OPTIMIZATION_LEVEL = 0;
				GCC_PREPROCESSOR_DEFINITIONS = (
					"DEBUG=1",
					"$(inherited)",
				);
				GCC_WARN_64_TO_32_BIT_CONVERSION = YES;
				GCC_WARN_ABOUT_RETURN_TYPE = YES_ERROR;
				GCC_WARN_UNDECLARED_SELECTOR = YES;
				GCC_WARN_UNINITIALIZED_AUTOS = YES_AGGRESSIVE;
				GCC_WARN_UNUSED_FUNCTION = YES;
				GCC_WARN_UNUSED_VARIABLE = YES;
				MACOSX_DEPLOYMENT_TARGET = 10.14;
				MTL_ENABLE_DEBUG_INFO = INCLUDE_SOURCE;
				MTL_FAST_MATH = YES;
				ONLY_ACTIVE_ARCH = YES;
				SDKROOT = macosx;
				SWIFT_ACTIVE_COMPILATION_CONDITIONS = DEBUG;
				SWIFT_OPTIMIZATION_LEVEL = "-Onone";
			};
			name = Debug;
		};
		059CCB8321DFFDFB005C201E /* Release */ = {
			isa = XCBuildConfiguration;
			buildSettings = {
				ALWAYS_SEARCH_USER_PATHS = NO;
				CLANG_ANALYZER_NONNULL = YES;
				CLANG_ANALYZER_NUMBER_OBJECT_CONVERSION = YES_AGGRESSIVE;
				CLANG_CXX_LANGUAGE_STANDARD = "gnu++14";
				CLANG_CXX_LIBRARY = "libc++";
				CLANG_ENABLE_MODULES = YES;
				CLANG_ENABLE_OBJC_ARC = YES;
				CLANG_ENABLE_OBJC_WEAK = YES;
				CLANG_WARN_BLOCK_CAPTURE_AUTORELEASING = YES;
				CLANG_WARN_BOOL_CONVERSION = YES;
				CLANG_WARN_COMMA = YES;
				CLANG_WARN_CONSTANT_CONVERSION = YES;
				CLANG_WARN_DEPRECATED_OBJC_IMPLEMENTATIONS = YES;
				CLANG_WARN_DIRECT_OBJC_ISA_USAGE = YES_ERROR;
				CLANG_WARN_DOCUMENTATION_COMMENTS = YES;
				CLANG_WARN_EMPTY_BODY = YES;
				CLANG_WARN_ENUM_CONVERSION = YES;
				CLANG_WARN_INFINITE_RECURSION = YES;
				CLANG_WARN_INT_CONVERSION = YES;
				CLANG_WARN_NON_LITERAL_NULL_CONVERSION = YES;
				CLANG_WARN_OBJC_IMPLICIT_RETAIN_SELF = YES;
				CLANG_WARN_OBJC_LITERAL_CONVERSION = YES;
				CLANG_WARN_OBJC_ROOT_CLASS = YES_ERROR;
				CLANG_WARN_RANGE_LOOP_ANALYSIS = YES;
				CLANG_WARN_STRICT_PROTOTYPES = YES;
				CLANG_WARN_SUSPICIOUS_MOVE = YES;
				CLANG_WARN_UNGUARDED_AVAILABILITY = YES_AGGRESSIVE;
				CLANG_WARN_UNREACHABLE_CODE = YES;
				CLANG_WARN__DUPLICATE_METHOD_MATCH = YES;
				CODE_SIGN_IDENTITY = "-";
				COPY_PHASE_STRIP = NO;
				DEBUG_INFORMATION_FORMAT = "dwarf-with-dsym";
				ENABLE_NS_ASSERTIONS = NO;
				ENABLE_STRICT_OBJC_MSGSEND = YES;
				GCC_C_LANGUAGE_STANDARD = gnu11;
				GCC_NO_COMMON_BLOCKS = YES;
				GCC_WARN_64_TO_32_BIT_CONVERSION = YES;
				GCC_WARN_ABOUT_RETURN_TYPE = YES_ERROR;
				GCC_WARN_UNDECLARED_SELECTOR = YES;
				GCC_WARN_UNINITIALIZED_AUTOS = YES_AGGRESSIVE;
				GCC_WARN_UNUSED_FUNCTION = YES;
				GCC_WARN_UNUSED_VARIABLE = YES;
				MACOSX_DEPLOYMENT_TARGET = 10.14;
				MTL_ENABLE_DEBUG_INFO = NO;
				MTL_FAST_MATH = YES;
				SDKROOT = macosx;
				SWIFT_COMPILATION_MODE = wholemodule;
				SWIFT_OPTIMIZATION_LEVEL = "-O";
			};
			name = Release;
		};
		059CCB8521DFFDFB005C201E /* Debug */ = {
			isa = XCBuildConfiguration;
			buildSettings = {
				ASSETCATALOG_COMPILER_APPICON_NAME = AppIcon;
				CODE_SIGN_ENTITLEMENTS = Maccemu64/Maccemu64.entitlements;
				CODE_SIGN_STYLE = Automatic;
				COMBINE_HIDPI_IMAGES = YES;
				INFOPLIST_FILE = "Maccemu64/Supporting Files/Info.plist";
				LD_RUNPATH_SEARCH_PATHS = (
					"$(inherited)",
					"@executable_path/../Frameworks",
				);
				PRODUCT_BUNDLE_IDENTIFIER = hu.iparigrafika.Maccemu64;
				PRODUCT_NAME = "$(TARGET_NAME)";
				SWIFT_VERSION = 4.2;
			};
			name = Debug;
		};
		059CCB8621DFFDFB005C201E /* Release */ = {
			isa = XCBuildConfiguration;
			buildSettings = {
				ASSETCATALOG_COMPILER_APPICON_NAME = AppIcon;
				CODE_SIGN_ENTITLEMENTS = Maccemu64/Maccemu64.entitlements;
				CODE_SIGN_STYLE = Automatic;
				COMBINE_HIDPI_IMAGES = YES;
				INFOPLIST_FILE = "Maccemu64/Supporting Files/Info.plist";
				LD_RUNPATH_SEARCH_PATHS = (
					"$(inherited)",
					"@executable_path/../Frameworks",
				);
				PRODUCT_BUNDLE_IDENTIFIER = hu.iparigrafika.Maccemu64;
				PRODUCT_NAME = "$(TARGET_NAME)";
				SWIFT_VERSION = 4.2;
			};
			name = Release;
		};
/* End XCBuildConfiguration section */

/* Begin XCConfigurationList section */
		059CCB6F21DFFDFA005C201E /* Build configuration list for PBXProject "Maccemu64" */ = {
			isa = XCConfigurationList;
			buildConfigurations = (
				059CCB8221DFFDFB005C201E /* Debug */,
				059CCB8321DFFDFB005C201E /* Release */,
			);
			defaultConfigurationIsVisible = 0;
			defaultConfigurationName = Release;
		};
		059CCB8421DFFDFB005C201E /* Build configuration list for PBXNativeTarget "Maccemu64" */ = {
			isa = XCConfigurationList;
			buildConfigurations = (
				059CCB8521DFFDFB005C201E /* Debug */,
				059CCB8621DFFDFB005C201E /* Release */,
			);
			defaultConfigurationIsVisible = 0;
			defaultConfigurationName = Release;
		};
/* End XCConfigurationList section */
	};
	rootObject = 059CCB6C21DFFDFA005C201E /* Project object */;
}
